Microsoft Visual Studio Solution File, Format Version 12.00
# Visual Studio Version 17
VisualStudioVersion = 17.5.2.0
MinimumVisualStudioVersion = 10.0.40219.1
Project("{FAE04EC0-301F-11D3-BF4B-00C04F79EFBC}") = "lab-0-first-c-3jamees", "lab-0-first-c-3jamees.csproj", "{6AC5B40E-3DCC-6059-4A28-1D0A6D176AD0}"
EndProject
Global
	GlobalSection(SolutionConfigurationPlatforms) = preSolution
		Debug|Any CPU = Debug|Any CPU
		Release|Any CPU = Release|Any CPU
	EndGlobalSection
	GlobalSection(ProjectConfigurationPlatforms) = postSolution
		{6AC5B40E-3DCC-6059-4A28-1D0A6D176AD0}.Debug|Any CPU.ActiveCfg = Debug|Any CPU
		{6AC5B40E-3DCC-6059-4A28-1D0A6D176AD0}.Debug|Any CPU.Build.0 = Debug|Any CPU
		{6AC5B40E-3DCC-6059-4A28-1D0A6D176AD0}.Release|Any CPU.ActiveCfg = Release|Any CPU
		{6AC5B40E-3DCC-6059-4A28-1D0A6D176AD0}.Release|Any CPU.Build.0 = Release|Any CPU
	EndGlobalSection
	GlobalSection(SolutionProperties) = preSolution
		HideSolutionNode = FALSE
	EndGlobalSection
	GlobalSection(ExtensibilityGlobals) = postSolution
		SolutionGuid = {E210C492-3454-43A1-B8CE-B0A38139F359}
	EndGlobalSection
EndGlobal
